# This file is automatically @generated by Poetry 1.8.3 and should not be changed by hand.

[[package]]
name = "aiocache"
version = "1.0.0a0"
description = "multi backend asyncio cache"
optional = false
python-versions = ">=3.9"
files = []
develop = false

[package.extras]
memcached = ["aiomcache (>=0.5.2)"]
msgpack = ["msgpack (>=0.5.5)"]
valkey = ["valkey-glide (>=2.0.0)"]

[package.source]
type = "git"
url = "https://github.com/aio-libs/aiocache.git"
reference = "ae5948b2d99dcaa68fe02fd3086a3351a867c85b"
resolved_reference = "ae5948b2d99dcaa68fe02fd3086a3351a867c85b"

[metadata]
lock-version = "2.0"
python-versions = "^3.11"
content-hash = "6f0f953f229bf9a337c372142b6372bba23f33e3c40d0bc530ce987050eb5a04"
